// !$*UTF8*$!
{
	archiveVersion = 1;
	classes = {
	};
	objectVersion = 56;
	objects = {

/* Begin PBXBuildFile section */
		363A95B62A8F547E00C6DF2F /* AppDelegate.swift in Sources */ = {isa = PBXBuildFile; fileRef = 363A95B52A8F547E00C6DF2F /* AppDelegate.swift */; };
		363A95B82A8F547E00C6DF2F /* SceneDelegate.swift in Sources */ = {isa = PBXBuildFile; fileRef = 363A95B72A8F547E00C6DF2F /* SceneDelegate.swift */; };
		363A95BA2A8F547E00C6DF2F /* LogInViewController.swift in Sources */ = {isa = PBXBuildFile; fileRef = 363A95B92A8F547E00C6DF2F /* LogInViewController.swift */; };
		363A95BD2A8F547E00C6DF2F /* Main.storyboard in Resources */ = {isa = PBXBuildFile; fileRef = 363A95BB2A8F547E00C6DF2F /* Main.storyboard */; };
		363A95BF2A8F548000C6DF2F /* Assets.xcassets in Resources */ = {isa = PBXBuildFile; fileRef = 363A95BE2A8F548000C6DF2F /* Assets.xcassets */; };
		363A95C22A8F548000C6DF2F /* LaunchScreen.storyboard in Resources */ = {isa = PBXBuildFile; fileRef = 363A95C02A8F548000C6DF2F /* LaunchScreen.storyboard */; };
		363A95CB2A8F56E400C6DF2F /* FirebaseAnalytics in Frameworks */ = {isa = PBXBuildFile; productRef = 363A95CA2A8F56E400C6DF2F /* FirebaseAnalytics */; };
		363A95CD2A8F56E400C6DF2F /* FirebaseAnalyticsOnDeviceConversion in Frameworks */ = {isa = PBXBuildFile; productRef = 363A95CC2A8F56E400C6DF2F /* FirebaseAnalyticsOnDeviceConversion */; };
		363A95CF2A8F56E400C6DF2F /* FirebaseAnalyticsSwift in Frameworks */ = {isa = PBXBuildFile; productRef = 363A95CE2A8F56E400C6DF2F /* FirebaseAnalyticsSwift */; };
		363A95D12A8F56E400C6DF2F /* FirebaseAnalyticsWithoutAdIdSupport in Frameworks */ = {isa = PBXBuildFile; productRef = 363A95D02A8F56E400C6DF2F /* FirebaseAnalyticsWithoutAdIdSupport */; };
		363A95D32A8F56E400C6DF2F /* FirebaseAppCheck in Frameworks */ = {isa = PBXBuildFile; productRef = 363A95D22A8F56E400C6DF2F /* FirebaseAppCheck */; };
		363A95D52A8F56E400C6DF2F /* FirebaseAppDistribution-Beta in Frameworks */ = {isa = PBXBuildFile; productRef = 363A95D42A8F56E400C6DF2F /* FirebaseAppDistribution-Beta */; };
		363A95D72A8F56E400C6DF2F /* FirebaseAuth in Frameworks */ = {isa = PBXBuildFile; productRef = 363A95D62A8F56E400C6DF2F /* FirebaseAuth */; };
		363A95D92A8F56E400C6DF2F /* FirebaseAuthCombine-Community in Frameworks */ = {isa = PBXBuildFile; productRef = 363A95D82A8F56E400C6DF2F /* FirebaseAuthCombine-Community */; };
		363A95DB2A8F56E400C6DF2F /* FirebaseCrashlytics in Frameworks */ = {isa = PBXBuildFile; productRef = 363A95DA2A8F56E400C6DF2F /* FirebaseCrashlytics */; };
		363A95DD2A8F56E400C6DF2F /* FirebaseDatabase in Frameworks */ = {isa = PBXBuildFile; productRef = 363A95DC2A8F56E400C6DF2F /* FirebaseDatabase */; };
		363A95DF2A8F56E400C6DF2F /* FirebaseDatabaseSwift in Frameworks */ = {isa = PBXBuildFile; productRef = 363A95DE2A8F56E400C6DF2F /* FirebaseDatabaseSwift */; };
		363A95E12A8F56E400C6DF2F /* FirebaseDynamicLinks in Frameworks */ = {isa = PBXBuildFile; productRef = 363A95E02A8F56E400C6DF2F /* FirebaseDynamicLinks */; };
		363A95E32A8F56E400C6DF2F /* FirebaseFirestore in Frameworks */ = {isa = PBXBuildFile; productRef = 363A95E22A8F56E400C6DF2F /* FirebaseFirestore */; };
		363A95E52A8F56E400C6DF2F /* FirebaseFirestoreCombine-Community in Frameworks */ = {isa = PBXBuildFile; productRef = 363A95E42A8F56E400C6DF2F /* FirebaseFirestoreCombine-Community */; };
		363A95E72A8F56E400C6DF2F /* FirebaseFirestoreSwift in Frameworks */ = {isa = PBXBuildFile; productRef = 363A95E62A8F56E400C6DF2F /* FirebaseFirestoreSwift */; };
		363A95E92A8F56E400C6DF2F /* FirebaseFunctions in Frameworks */ = {isa = PBXBuildFile; productRef = 363A95E82A8F56E400C6DF2F /* FirebaseFunctions */; };
		363A95EB2A8F56E400C6DF2F /* FirebaseFunctionsCombine-Community in Frameworks */ = {isa = PBXBuildFile; productRef = 363A95EA2A8F56E400C6DF2F /* FirebaseFunctionsCombine-Community */; };
		363A95ED2A8F56E400C6DF2F /* FirebaseInAppMessaging-Beta in Frameworks */ = {isa = PBXBuildFile; productRef = 363A95EC2A8F56E400C6DF2F /* FirebaseInAppMessaging-Beta */; };
		363A95EF2A8F56E400C6DF2F /* FirebaseInAppMessagingSwift-Beta in Frameworks */ = {isa = PBXBuildFile; productRef = 363A95EE2A8F56E400C6DF2F /* FirebaseInAppMessagingSwift-Beta */; };
		363A95F12A8F56E400C6DF2F /* FirebaseInstallations in Frameworks */ = {isa = PBXBuildFile; productRef = 363A95F02A8F56E400C6DF2F /* FirebaseInstallations */; };
		363A95F32A8F56E400C6DF2F /* FirebaseMLModelDownloader in Frameworks */ = {isa = PBXBuildFile; productRef = 363A95F22A8F56E400C6DF2F /* FirebaseMLModelDownloader */; };
		363A95F52A8F56E400C6DF2F /* FirebaseMessaging in Frameworks */ = {isa = PBXBuildFile; productRef = 363A95F42A8F56E400C6DF2F /* FirebaseMessaging */; };
		363A95F72A8F56E400C6DF2F /* FirebasePerformance in Frameworks */ = {isa = PBXBuildFile; productRef = 363A95F62A8F56E400C6DF2F /* FirebasePerformance */; };
		363A95F92A8F56E400C6DF2F /* FirebaseRemoteConfig in Frameworks */ = {isa = PBXBuildFile; productRef = 363A95F82A8F56E400C6DF2F /* FirebaseRemoteConfig */; };
		363A95FB2A8F56E400C6DF2F /* FirebaseRemoteConfigSwift in Frameworks */ = {isa = PBXBuildFile; productRef = 363A95FA2A8F56E400C6DF2F /* FirebaseRemoteConfigSwift */; };
		363A95FD2A8F56E400C6DF2F /* FirebaseStorage in Frameworks */ = {isa = PBXBuildFile; productRef = 363A95FC2A8F56E400C6DF2F /* FirebaseStorage */; };
		363A95FF2A8F56E400C6DF2F /* FirebaseStorageCombine-Community in Frameworks */ = {isa = PBXBuildFile; productRef = 363A95FE2A8F56E400C6DF2F /* FirebaseStorageCombine-Community */; };
		363A96012A8F870600C6DF2F /* GoogleService-Info.plist in Resources */ = {isa = PBXBuildFile; fileRef = 363A96002A8F870500C6DF2F /* GoogleService-Info.plist */; };
		36DA975C2A976D07006A9047 /* User.swift in Sources */ = {isa = PBXBuildFile; fileRef = 36DA975B2A976D07006A9047 /* User.swift */; };
		36DA97602A977A84006A9047 /* Constants.swift in Sources */ = {isa = PBXBuildFile; fileRef = 36DA975F2A977A84006A9047 /* Constants.swift */; };
/* End PBXBuildFile section */

/* Begin PBXFileReference section */
		363A95B22A8F547E00C6DF2F /* Messenger.app */ = {isa = PBXFileReference; explicitFileType = wrapper.application; includeInIndex = 0; path = Messenger.app; sourceTree = BUILT_PRODUCTS_DIR; };
		363A95B52A8F547E00C6DF2F /* AppDelegate.swift */ = {isa = PBXFileReference; lastKnownFileType = sourcecode.swift; path = AppDelegate.swift; sourceTree = "<group>"; };
		363A95B72A8F547E00C6DF2F /* SceneDelegate.swift */ = {isa = PBXFileReference; lastKnownFileType = sourcecode.swift; path = SceneDelegate.swift; sourceTree = "<group>"; };
		363A95B92A8F547E00C6DF2F /* LogInViewController.swift */ = {isa = PBXFileReference; lastKnownFileType = sourcecode.swift; path = LogInViewController.swift; sourceTree = "<group>"; };
		363A95BC2A8F547E00C6DF2F /* Base */ = {isa = PBXFileReference; lastKnownFileType = file.storyboard; name = Base; path = Base.lproj/Main.storyboard; sourceTree = "<group>"; };
		363A95BE2A8F548000C6DF2F /* Assets.xcassets */ = {isa = PBXFileReference; lastKnownFileType = folder.assetcatalog; path = Assets.xcassets; sourceTree = "<group>"; };
		363A95C12A8F548000C6DF2F /* Base */ = {isa = PBXFileReference; lastKnownFileType = file.storyboard; name = Base; path = Base.lproj/LaunchScreen.storyboard; sourceTree = "<group>"; };
		363A95C32A8F548000C6DF2F /* Info.plist */ = {isa = PBXFileReference; lastKnownFileType = text.plist.xml; path = Info.plist; sourceTree = "<group>"; };
		363A96002A8F870500C6DF2F /* GoogleService-Info.plist */ = {isa = PBXFileReference; fileEncoding = 4; lastKnownFileType = text.plist.xml; path = "GoogleService-Info.plist"; sourceTree = "<group>"; };
		36DA975B2A976D07006A9047 /* User.swift */ = {isa = PBXFileReference; lastKnownFileType = sourcecode.swift; path = User.swift; sourceTree = "<group>"; };
		36DA975F2A977A84006A9047 /* Constants.swift */ = {isa = PBXFileReference; lastKnownFileType = sourcecode.swift; path = Constants.swift; sourceTree = "<group>"; };
/* End PBXFileReference section */

/* Begin PBXFrameworksBuildPhase section */
		363A95AF2A8F547E00C6DF2F /* Frameworks */ = {
			isa = PBXFrameworksBuildPhase;
			buildActionMask = 2147483647;
			files = (
				363A95DD2A8F56E400C6DF2F /* FirebaseDatabase in Frameworks */,
				363A95EB2A8F56E400C6DF2F /* FirebaseFunctionsCombine-Community in Frameworks */,
				363A95E32A8F56E400C6DF2F /* FirebaseFirestore in Frameworks */,
				363A95CF2A8F56E400C6DF2F /* FirebaseAnalyticsSwift in Frameworks */,
				363A95CB2A8F56E400C6DF2F /* FirebaseAnalytics in Frameworks */,
				363A95CD2A8F56E400C6DF2F /* FirebaseAnalyticsOnDeviceConversion in Frameworks */,
				363A95F32A8F56E400C6DF2F /* FirebaseMLModelDownloader in Frameworks */,
				363A95E72A8F56E400C6DF2F /* FirebaseFirestoreSwift in Frameworks */,
				363A95D32A8F56E400C6DF2F /* FirebaseAppCheck in Frameworks */,
				363A95D12A8F56E400C6DF2F /* FirebaseAnalyticsWithoutAdIdSupport in Frameworks */,
				363A95D72A8F56E400C6DF2F /* FirebaseAuth in Frameworks */,
				363A95DB2A8F56E400C6DF2F /* FirebaseCrashlytics in Frameworks */,
				363A95FB2A8F56E400C6DF2F /* FirebaseRemoteConfigSwift in Frameworks */,
				363A95ED2A8F56E400C6DF2F /* FirebaseInAppMessaging-Beta in Frameworks */,
				363A95DF2A8F56E400C6DF2F /* FirebaseDatabaseSwift in Frameworks */,
				363A95E92A8F56E400C6DF2F /* FirebaseFunctions in Frameworks */,
				363A95FF2A8F56E400C6DF2F /* FirebaseStorageCombine-Community in Frameworks */,
				363A95F92A8F56E400C6DF2F /* FirebaseRemoteConfig in Frameworks */,
				363A95D52A8F56E400C6DF2F /* FirebaseAppDistribution-Beta in Frameworks */,
				363A95D92A8F56E400C6DF2F /* FirebaseAuthCombine-Community in Frameworks */,
				363A95F72A8F56E400C6DF2F /* FirebasePerformance in Frameworks */,
				363A95EF2A8F56E400C6DF2F /* FirebaseInAppMessagingSwift-Beta in Frameworks */,
				363A95FD2A8F56E400C6DF2F /* FirebaseStorage in Frameworks */,
				363A95E12A8F56E400C6DF2F /* FirebaseDynamicLinks in Frameworks */,
				363A95E52A8F56E400C6DF2F /* FirebaseFirestoreCombine-Community in Frameworks */,
				363A95F52A8F56E400C6DF2F /* FirebaseMessaging in Frameworks */,
				363A95F12A8F56E400C6DF2F /* FirebaseInstallations in Frameworks */,
			);
			runOnlyForDeploymentPostprocessing = 0;
		};
/* End PBXFrameworksBuildPhase section */

/* Begin PBXGroup section */
		363A95A92A8F547E00C6DF2F = {
			isa = PBXGroup;
			children = (
				363A95B42A8F547E00C6DF2F /* Messenger */,
				363A95B32A8F547E00C6DF2F /* Products */,
			);
			sourceTree = "<group>";
		};
		363A95B32A8F547E00C6DF2F /* Products */ = {
			isa = PBXGroup;
			children = (
				363A95B22A8F547E00C6DF2F /* Messenger.app */,
			);
			name = Products;
			sourceTree = "<group>";
		};
		363A95B42A8F547E00C6DF2F /* Messenger */ = {
			isa = PBXGroup;
			children = (
				363A95B52A8F547E00C6DF2F /* AppDelegate.swift */,
				363A95B72A8F547E00C6DF2F /* SceneDelegate.swift */,
				363A95B92A8F547E00C6DF2F /* LogInViewController.swift */,
				36DA975F2A977A84006A9047 /* Constants.swift */,
				36DA975E2A976D2F006A9047 /* Model */,
				363A95BB2A8F547E00C6DF2F /* Main.storyboard */,
				363A95BE2A8F548000C6DF2F /* Assets.xcassets */,
				363A95C02A8F548000C6DF2F /* LaunchScreen.storyboard */,
				363A95C32A8F548000C6DF2F /* Info.plist */,
				363A96002A8F870500C6DF2F /* GoogleService-Info.plist */,
			);
			path = Messenger;
			sourceTree = "<group>";
		};
		36DA975E2A976D2F006A9047 /* Model */ = {
			isa = PBXGroup;
			children = (
				36DA975B2A976D07006A9047 /* User.swift */,
			);
			path = Model;
			sourceTree = "<group>";
		};
/* End PBXGroup section */

/* Begin PBXNativeTarget section */
		363A95B12A8F547E00C6DF2F /* Messenger */ = {
			isa = PBXNativeTarget;
			buildConfigurationList = 363A95C62A8F548000C6DF2F /* Build configuration list for PBXNativeTarget "Messenger" */;
			buildPhases = (
				363A95AE2A8F547E00C6DF2F /* Sources */,
				363A95AF2A8F547E00C6DF2F /* Frameworks */,
				363A95B02A8F547E00C6DF2F /* Resources */,
			);
			buildRules = (
			);
			dependencies = (
			);
			name = Messenger;
			packageProductDependencies = (
				363A95CA2A8F56E400C6DF2F /* FirebaseAnalytics */,
				363A95CC2A8F56E400C6DF2F /* FirebaseAnalyticsOnDeviceConversion */,
				363A95CE2A8F56E400C6DF2F /* FirebaseAnalyticsSwift */,
				363A95D02A8F56E400C6DF2F /* FirebaseAnalyticsWithoutAdIdSupport */,
				363A95D22A8F56E400C6DF2F /* FirebaseAppCheck */,
				363A95D42A8F56E400C6DF2F /* FirebaseAppDistribution-Beta */,
				363A95D62A8F56E400C6DF2F /* FirebaseAuth */,
				363A95D82A8F56E400C6DF2F /* FirebaseAuthCombine-Community */,
				363A95DA2A8F56E400C6DF2F /* FirebaseCrashlytics */,
				363A95DC2A8F56E400C6DF2F /* FirebaseDatabase */,
				363A95DE2A8F56E400C6DF2F /* FirebaseDatabaseSwift */,
				363A95E02A8F56E400C6DF2F /* FirebaseDynamicLinks */,
				363A95E22A8F56E400C6DF2F /* FirebaseFirestore */,
				363A95E42A8F56E400C6DF2F /* FirebaseFirestoreCombine-Community */,
				363A95E62A8F56E400C6DF2F /* FirebaseFirestoreSwift */,
				363A95E82A8F56E400C6DF2F /* FirebaseFunctions */,
				363A95EA2A8F56E400C6DF2F /* FirebaseFunctionsCombine-Community */,
				363A95EC2A8F56E400C6DF2F /* FirebaseInAppMessaging-Beta */,
				363A95EE2A8F56E400C6DF2F /* FirebaseInAppMessagingSwift-Beta */,
				363A95F02A8F56E400C6DF2F /* FirebaseInstallations */,
				363A95F22A8F56E400C6DF2F /* FirebaseMLModelDownloader */,
				363A95F42A8F56E400C6DF2F /* FirebaseMessaging */,
				363A95F62A8F56E400C6DF2F /* FirebasePerformance */,
				363A95F82A8F56E400C6DF2F /* FirebaseRemoteConfig */,
				363A95FA2A8F56E400C6DF2F /* FirebaseRemoteConfigSwift */,
				363A95FC2A8F56E400C6DF2F /* FirebaseStorage */,
				363A95FE2A8F56E400C6DF2F /* FirebaseStorageCombine-Community */,
			);
			productName = Messenger;
			productReference = 363A95B22A8F547E00C6DF2F /* Messenger.app */;
			productType = "com.apple.product-type.application";
		};
/* End PBXNativeTarget section */

/* Begin PBXProject section */
		363A95AA2A8F547E00C6DF2F /* Project object */ = {
			isa = PBXProject;
			attributes = {
				BuildIndependentTargetsInParallel = 1;
				LastSwiftUpdateCheck = 1430;
				LastUpgradeCheck = 1430;
				TargetAttributes = {
					363A95B12A8F547E00C6DF2F = {
						CreatedOnToolsVersion = 14.3.1;
					};
				};
			};
			buildConfigurationList = 363A95AD2A8F547E00C6DF2F /* Build configuration list for PBXProject "Messenger" */;
			compatibilityVersion = "Xcode 14.0";
			developmentRegion = en;
			hasScannedForEncodings = 0;
			knownRegions = (
				en,
				Base,
			);
			mainGroup = 363A95A92A8F547E00C6DF2F;
			packageReferences = (
				363A95C92A8F56E300C6DF2F /* XCRemoteSwiftPackageReference "firebase-ios-sdk" */,
			);
			productRefGroup = 363A95B32A8F547E00C6DF2F /* Products */;
			projectDirPath = "";
			projectRoot = "";
			targets = (
				363A95B12A8F547E00C6DF2F /* Messenger */,
			);
		};
/* End PBXProject section */

/* Begin PBXResourcesBuildPhase section */
		363A95B02A8F547E00C6DF2F /* Resources */ = {
			isa = PBXResourcesBuildPhase;
			buildActionMask = 2147483647;
			files = (
				363A95C22A8F548000C6DF2F /* LaunchScreen.storyboard in Resources */,
				363A96012A8F870600C6DF2F /* GoogleService-Info.plist in Resources */,
				363A95BF2A8F548000C6DF2F /* Assets.xcassets in Resources */,
				363A95BD2A8F547E00C6DF2F /* Main.storyboard in Resources */,
			);
			runOnlyForDeploymentPostprocessing = 0;
		};
/* End PBXResourcesBuildPhase section */

/* Begin PBXSourcesBuildPhase section */
		363A95AE2A8F547E00C6DF2F /* Sources */ = {
			isa = PBXSourcesBuildPhase;
			buildActionMask = 2147483647;
			files = (
				36DA97602A977A84006A9047 /* Constants.swift in Sources */,
				36DA975C2A976D07006A9047 /* User.swift in Sources */,
				363A95BA2A8F547E00C6DF2F /* LogInViewController.swift in Sources */,
				363A95B62A8F547E00C6DF2F /* AppDelegate.swift in Sources */,
				363A95B82A8F547E00C6DF2F /* SceneDelegate.swift in Sources */,
			);
			runOnlyForDeploymentPostprocessing = 0;
		};
/* End PBXSourcesBuildPhase section */

/* Begin PBXVariantGroup section */
		363A95BB2A8F547E00C6DF2F /* Main.storyboard */ = {
			isa = PBXVariantGroup;
			children = (
				363A95BC2A8F547E00C6DF2F /* Base */,
			);
			name = Main.storyboard;
			sourceTree = "<group>";
		};
		363A95C02A8F548000C6DF2F /* LaunchScreen.storyboard */ = {
			isa = PBXVariantGroup;
			children = (
				363A95C12A8F548000C6DF2F /* Base */,
			);
			name = LaunchScreen.storyboard;
			sourceTree = "<group>";
		};
/* End PBXVariantGroup section */

/* Begin XCBuildConfiguration section */
		363A95C42A8F548000C6DF2F /* Debug */ = {
			isa = XCBuildConfiguration;
			buildSettings = {
				ALWAYS_SEARCH_USER_PATHS = NO;
				CLANG_ANALYZER_NONNULL = YES;
				CLANG_ANALYZER_NUMBER_OBJECT_CONVERSION = YES_AGGRESSIVE;
				CLANG_CXX_LANGUAGE_STANDARD = "gnu++20";
				CLANG_ENABLE_MODULES = YES;
				CLANG_ENABLE_OBJC_ARC = YES;
				CLANG_ENABLE_OBJC_WEAK = YES;
				CLANG_WARN_BLOCK_CAPTURE_AUTORELEASING = YES;
				CLANG_WARN_BOOL_CONVERSION = YES;
				CLANG_WARN_COMMA = YES;
				CLANG_WARN_CONSTANT_CONVERSION = YES;
				CLANG_WARN_DEPRECATED_OBJC_IMPLEMENTATIONS = YES;
				CLANG_WARN_DIRECT_OBJC_ISA_USAGE = YES_ERROR;
				CLANG_WARN_DOCUMENTATION_COMMENTS = YES;
				CLANG_WARN_EMPTY_BODY = YES;
				CLANG_WARN_ENUM_CONVERSION = YES;
				CLANG_WARN_INFINITE_RECURSION = YES;
				CLANG_WARN_INT_CONVERSION = YES;
				CLANG_WARN_NON_LITERAL_NULL_CONVERSION = YES;
				CLANG_WARN_OBJC_IMPLICIT_RETAIN_SELF = YES;
				CLANG_WARN_OBJC_LITERAL_CONVERSION = YES;
				CLANG_WARN_OBJC_ROOT_CLASS = YES_ERROR;
				CLANG_WARN_QUOTED_INCLUDE_IN_FRAMEWORK_HEADER = YES;
				CLANG_WARN_RANGE_LOOP_ANALYSIS = YES;
				CLANG_WARN_STRICT_PROTOTYPES = YES;
				CLANG_WARN_SUSPICIOUS_MOVE = YES;
				CLANG_WARN_UNGUARDED_AVAILABILITY = YES_AGGRESSIVE;
				CLANG_WARN_UNREACHABLE_CODE = YES;
				CLANG_WARN__DUPLICATE_METHOD_MATCH = YES;
				COPY_PHASE_STRIP = NO;
				DEBUG_INFORMATION_FORMAT = dwarf;
				ENABLE_STRICT_OBJC_MSGSEND = YES;
				ENABLE_TESTABILITY = YES;
				GCC_C_LANGUAGE_STANDARD = gnu11;
				GCC_DYNAMIC_NO_PIC = NO;
				GCC_NO_COMMON_BLOCKS = YES;
				GCC_OPTIMIZATION_LEVEL = 0;
				GCC_PREPROCESSOR_DEFINITIONS = (
					"DEBUG=1",
					"$(inherited)",
				);
				GCC_WARN_64_TO_32_BIT_CONVERSION = YES;
				GCC_WARN_ABOUT_RETURN_TYPE = YES_ERROR;
				GCC_WARN_UNDECLARED_SELECTOR = YES;
				GCC_WARN_UNINITIALIZED_AUTOS = YES_AGGRESSIVE;
				GCC_WARN_UNUSED_FUNCTION = YES;
				GCC_WARN_UNUSED_VARIABLE = YES;
				IPHONEOS_DEPLOYMENT_TARGET = 16.4;
				MTL_ENABLE_DEBUG_INFO = INCLUDE_SOURCE;
				MTL_FAST_MATH = YES;
				ONLY_ACTIVE_ARCH = YES;
				SDKROOT = iphoneos;
				SWIFT_ACTIVE_COMPILATION_CONDITIONS = DEBUG;
				SWIFT_OPTIMIZATION_LEVEL = "-Onone";
			};
			name = Debug;
		};
		363A95C52A8F548000C6DF2F /* Release */ = {
			isa = XCBuildConfiguration;
			buildSettings = {
				ALWAYS_SEARCH_USER_PATHS = NO;
				CLANG_ANALYZER_NONNULL = YES;
				CLANG_ANALYZER_NUMBER_OBJECT_CONVERSION = YES_AGGRESSIVE;
				CLANG_CXX_LANGUAGE_STANDARD = "gnu++20";
				CLANG_ENABLE_MODULES = YES;
				CLANG_ENABLE_OBJC_ARC = YES;
				CLANG_ENABLE_OBJC_WEAK = YES;
				CLANG_WARN_BLOCK_CAPTURE_AUTORELEASING = YES;
				CLANG_WARN_BOOL_CONVERSION = YES;
				CLANG_WARN_COMMA = YES;
				CLANG_WARN_CONSTANT_CONVERSION = YES;
				CLANG_WARN_DEPRECATED_OBJC_IMPLEMENTATIONS = YES;
				CLANG_WARN_DIRECT_OBJC_ISA_USAGE = YES_ERROR;
				CLANG_WARN_DOCUMENTATION_COMMENTS = YES;
				CLANG_WARN_EMPTY_BODY = YES;
				CLANG_WARN_ENUM_CONVERSION = YES;
				CLANG_WARN_INFINITE_RECURSION = YES;
				CLANG_WARN_INT_CONVERSION = YES;
				CLANG_WARN_NON_LITERAL_NULL_CONVERSION = YES;
				CLANG_WARN_OBJC_IMPLICIT_RETAIN_SELF = YES;
				CLANG_WARN_OBJC_LITERAL_CONVERSION = YES;
				CLANG_WARN_OBJC_ROOT_CLASS = YES_ERROR;
				CLANG_WARN_QUOTED_INCLUDE_IN_FRAMEWORK_HEADER = YES;
				CLANG_WARN_RANGE_LOOP_ANALYSIS = YES;
				CLANG_WARN_STRICT_PROTOTYPES = YES;
				CLANG_WARN_SUSPICIOUS_MOVE = YES;
				CLANG_WARN_UNGUARDED_AVAILABILITY = YES_AGGRESSIVE;
				CLANG_WARN_UNREACHABLE_CODE = YES;
				CLANG_WARN__DUPLICATE_METHOD_MATCH = YES;
				COPY_PHASE_STRIP = NO;
				DEBUG_INFORMATION_FORMAT = "dwarf-with-dsym";
				ENABLE_NS_ASSERTIONS = NO;
				ENABLE_STRICT_OBJC_MSGSEND = YES;
				GCC_C_LANGUAGE_STANDARD = gnu11;
				GCC_NO_COMMON_BLOCKS = YES;
				GCC_WARN_64_TO_32_BIT_CONVERSION = YES;
				GCC_WARN_ABOUT_RETURN_TYPE = YES_ERROR;
				GCC_WARN_UNDECLARED_SELECTOR = YES;
				GCC_WARN_UNINITIALIZED_AUTOS = YES_AGGRESSIVE;
				GCC_WARN_UNUSED_FUNCTION = YES;
				GCC_WARN_UNUSED_VARIABLE = YES;
				IPHONEOS_DEPLOYMENT_TARGET = 16.4;
				MTL_ENABLE_DEBUG_INFO = NO;
				MTL_FAST_MATH = YES;
				SDKROOT = iphoneos;
				SWIFT_COMPILATION_MODE = wholemodule;
				SWIFT_OPTIMIZATION_LEVEL = "-O";
				VALIDATE_PRODUCT = YES;
			};
			name = Release;
		};
		363A95C72A8F548000C6DF2F /* Debug */ = {
			isa = XCBuildConfiguration;
			buildSettings = {
				ASSETCATALOG_COMPILER_APPICON_NAME = AppIcon;
				ASSETCATALOG_COMPILER_GLOBAL_ACCENT_COLOR_NAME = AccentColor;
				CODE_SIGN_STYLE = Automatic;
				CURRENT_PROJECT_VERSION = 1;
				DEVELOPMENT_TEAM = "";
				GENERATE_INFOPLIST_FILE = YES;
				INFOPLIST_FILE = Messenger/Info.plist;
				INFOPLIST_KEY_UIApplicationSupportsIndirectInputEvents = YES;
				INFOPLIST_KEY_UILaunchStoryboardName = LaunchScreen;
				INFOPLIST_KEY_UIMainStoryboardFile = Main;
				INFOPLIST_KEY_UISupportedInterfaceOrientations_iPad = "UIInterfaceOrientationPortrait UIInterfaceOrientationPortraitUpsideDown UIInterfaceOrientationLandscapeLeft UIInterfaceOrientationLandscapeRight";
				INFOPLIST_KEY_UISupportedInterfaceOrientations_iPhone = "UIInterfaceOrientationPortrait UIInterfaceOrientationLandscapeLeft UIInterfaceOrientationLandscapeRight";
				LD_RUNPATH_SEARCH_PATHS = (
					"$(inherited)",
					"@executable_path/Frameworks",
				);
				MARKETING_VERSION = 1.0;
				PRODUCT_BUNDLE_IDENTIFIER = com.kuntulu.ankita.Messenger;
				PRODUCT_NAME = "$(TARGET_NAME)";
				SWIFT_EMIT_LOC_STRINGS = YES;
				SWIFT_VERSION = 5.0;
				TARGETED_DEVICE_FAMILY = "1,2";
			};
			name = Debug;
		};
		363A95C82A8F548000C6DF2F /* Release */ = {
			isa = XCBuildConfiguration;
			buildSettings = {
				ASSETCATALOG_COMPILER_APPICON_NAME = AppIcon;
				ASSETCATALOG_COMPILER_GLOBAL_ACCENT_COLOR_NAME = AccentColor;
				CODE_SIGN_STYLE = Automatic;
				CURRENT_PROJECT_VERSION = 1;
				DEVELOPMENT_TEAM = "";
				GENERATE_INFOPLIST_FILE = YES;
				INFOPLIST_FILE = Messenger/Info.plist;
				INFOPLIST_KEY_UIApplicationSupportsIndirectInputEvents = YES;
				INFOPLIST_KEY_UILaunchStoryboardName = LaunchScreen;
				INFOPLIST_KEY_UIMainStoryboardFile = Main;
				INFOPLIST_KEY_UISupportedInterfaceOrientations_iPad = "UIInterfaceOrientationPortrait UIInterfaceOrientationPortraitUpsideDown UIInterfaceOrientationLandscapeLeft UIInterfaceOrientationLandscapeRight";
				INFOPLIST_KEY_UISupportedInterfaceOrientations_iPhone = "UIInterfaceOrientationPortrait UIInterfaceOrientationLandscapeLeft UIInterfaceOrientationLandscapeRight";
				LD_RUNPATH_SEARCH_PATHS = (
					"$(inherited)",
					"@executable_path/Frameworks",
				);
				MARKETING_VERSION = 1.0;
				PRODUCT_BUNDLE_IDENTIFIER = com.kuntulu.ankita.Messenger;
				PRODUCT_NAME = "$(TARGET_NAME)";
				SWIFT_EMIT_LOC_STRINGS = YES;
				SWIFT_VERSION = 5.0;
				TARGETED_DEVICE_FAMILY = "1,2";
			};
			name = Release;
		};
/* End XCBuildConfiguration section */

/* Begin XCConfigurationList section */
		363A95AD2A8F547E00C6DF2F /* Build configuration list for PBXProject "Messenger" */ = {
			isa = XCConfigurationList;
			buildConfigurations = (
				363A95C42A8F548000C6DF2F /* Debug */,
				363A95C52A8F548000C6DF2F /* Release */,
			);
			defaultConfigurationIsVisible = 0;
			defaultConfigurationName = Release;
		};
		363A95C62A8F548000C6DF2F /* Build configuration list for PBXNativeTarget "Messenger" */ = {
			isa = XCConfigurationList;
			buildConfigurations = (
				363A95C72A8F548000C6DF2F /* Debug */,
				363A95C82A8F548000C6DF2F /* Release */,
			);
			defaultConfigurationIsVisible = 0;
			defaultConfigurationName = Release;
		};
/* End XCConfigurationList section */

/* Begin XCRemoteSwiftPackageReference section */
		363A95C92A8F56E300C6DF2F /* XCRemoteSwiftPackageReference "firebase-ios-sdk" */ = {
			isa = XCRemoteSwiftPackageReference;
			repositoryURL = "https://github.com/firebase/firebase-ios-sdk";
			requirement = {
				kind = upToNextMajorVersion;
				minimumVersion = 10.0.0;
			};
		};
/* End XCRemoteSwiftPackageReference section */

/* Begin XCSwiftPackageProductDependency section */
		363A95CA2A8F56E400C6DF2F /* FirebaseAnalytics */ = {
			isa = XCSwiftPackageProductDependency;
			package = 363A95C92A8F56E300C6DF2F /* XCRemoteSwiftPackageReference "firebase-ios-sdk" */;
			productName = FirebaseAnalytics;
		};
		363A95CC2A8F56E400C6DF2F /* FirebaseAnalyticsOnDeviceConversion */ = {
			isa = XCSwiftPackageProductDependency;
			package = 363A95C92A8F56E300C6DF2F /* XCRemoteSwiftPackageReference "firebase-ios-sdk" */;
			productName = FirebaseAnalyticsOnDeviceConversion;
		};
		363A95CE2A8F56E400C6DF2F /* FirebaseAnalyticsSwift */ = {
			isa = XCSwiftPackageProductDependency;
			package = 363A95C92A8F56E300C6DF2F /* XCRemoteSwiftPackageReference "firebase-ios-sdk" */;
			productName = FirebaseAnalyticsSwift;
		};
		363A95D02A8F56E400C6DF2F /* FirebaseAnalyticsWithoutAdIdSupport */ = {
			isa = XCSwiftPackageProductDependency;
			package = 363A95C92A8F56E300C6DF2F /* XCRemoteSwiftPackageReference "firebase-ios-sdk" */;
			productName = FirebaseAnalyticsWithoutAdIdSupport;
		};
		363A95D22A8F56E400C6DF2F /* FirebaseAppCheck */ = {
			isa = XCSwiftPackageProductDependency;
			package = 363A95C92A8F56E300C6DF2F /* XCRemoteSwiftPackageReference "firebase-ios-sdk" */;
			productName = FirebaseAppCheck;
		};
		363A95D42A8F56E400C6DF2F /* FirebaseAppDistribution-Beta */ = {
			isa = XCSwiftPackageProductDependency;
			package = 363A95C92A8F56E300C6DF2F /* XCRemoteSwiftPackageReference "firebase-ios-sdk" */;
			productName = "FirebaseAppDistribution-Beta";
		};
		363A95D62A8F56E400C6DF2F /* FirebaseAuth */ = {
			isa = XCSwiftPackageProductDependency;
			package = 363A95C92A8F56E300C6DF2F /* XCRemoteSwiftPackageReference "firebase-ios-sdk" */;
			productName = FirebaseAuth;
		};
		363A95D82A8F56E400C6DF2F /* FirebaseAuthCombine-Community */ = {
			isa = XCSwiftPackageProductDependency;
			package = 363A95C92A8F56E300C6DF2F /* XCRemoteSwiftPackageReference "firebase-ios-sdk" */;
			productName = "FirebaseAuthCombine-Community";
		};
		363A95DA2A8F56E400C6DF2F /* FirebaseCrashlytics */ = {
			isa = XCSwiftPackageProductDependency;
			package = 363A95C92A8F56E300C6DF2F /* XCRemoteSwiftPackageReference "firebase-ios-sdk" */;
			productName = FirebaseCrashlytics;
		};
		363A95DC2A8F56E400C6DF2F /* FirebaseDatabase */ = {
			isa = XCSwiftPackageProductDependency;
			package = 363A95C92A8F56E300C6DF2F /* XCRemoteSwiftPackageReference "firebase-ios-sdk" */;
			productName = FirebaseDatabase;
		};
		363A95DE2A8F56E400C6DF2F /* FirebaseDatabaseSwift */ = {
			isa = XCSwiftPackageProductDependency;
			package = 363A95C92A8F56E300C6DF2F /* XCRemoteSwiftPackageReference "firebase-ios-sdk" */;
			productName = FirebaseDatabaseSwift;
		};
		363A95E02A8F56E400C6DF2F /* FirebaseDynamicLinks */ = {
			isa = XCSwiftPackageProductDependency;
			package = 363A95C92A8F56E300C6DF2F /* XCRemoteSwiftPackageReference "firebase-ios-sdk" */;
			productName = FirebaseDynamicLinks;
		};
		363A95E22A8F56E400C6DF2F /* FirebaseFirestore */ = {
			isa = XCSwiftPackageProductDependency;
			package = 363A95C92A8F56E300C6DF2F /* XCRemoteSwiftPackageReference "firebase-ios-sdk" */;
			productName = FirebaseFirestore;
		};
		363A95E42A8F56E400C6DF2F /* FirebaseFirestoreCombine-Community */ = {
			isa = XCSwiftPackageProductDependency;
			package = 363A95C92A8F56E300C6DF2F /* XCRemoteSwiftPackageReference "firebase-ios-sdk" */;
			productName = "FirebaseFirestoreCombine-Community";
		};
		363A95E62A8F56E400C6DF2F /* FirebaseFirestoreSwift */ = {
			isa = XCSwiftPackageProductDependency;
			package = 363A95C92A8F56E300C6DF2F /* XCRemoteSwiftPackageReference "firebase-ios-sdk" */;
			productName = FirebaseFirestoreSwift;
		};
		363A95E82A8F56E400C6DF2F /* FirebaseFunctions */ = {
			isa = XCSwiftPackageProductDependency;
			package = 363A95C92A8F56E300C6DF2F /* XCRemoteSwiftPackageReference "firebase-ios-sdk" */;
			productName = FirebaseFunctions;
		};
		363A95EA2A8F56E400C6DF2F /* FirebaseFunctionsCombine-Community */ = {
			isa = XCSwiftPackageProductDependency;
			package = 363A95C92A8F56E300C6DF2F /* XCRemoteSwiftPackageReference "firebase-ios-sdk" */;
			productName = "FirebaseFunctionsCombine-Community";
		};
		363A95EC2A8F56E400C6DF2F /* FirebaseInAppMessaging-Beta */ = {
			isa = XCSwiftPackageProductDependency;
			package = 363A95C92A8F56E300C6DF2F /* XCRemoteSwiftPackageReference "firebase-ios-sdk" */;
			productName = "FirebaseInAppMessaging-Beta";
		};
		363A95EE2A8F56E400C6DF2F /* FirebaseInAppMessagingSwift-Beta */ = {
			isa = XCSwiftPackageProductDependency;
			package = 363A95C92A8F56E300C6DF2F /* XCRemoteSwiftPackageReference "firebase-ios-sdk" */;
			productName = "FirebaseInAppMessagingSwift-Beta";
		};
		363A95F02A8F56E400C6DF2F /* FirebaseInstallations */ = {
			isa = XCSwiftPackageProductDependency;
			package = 363A95C92A8F56E300C6DF2F /* XCRemoteSwiftPackageReference "firebase-ios-sdk" */;
			productName = FirebaseInstallations;
		};
		363A95F22A8F56E400C6DF2F /* FirebaseMLModelDownloader */ = {
			isa = XCSwiftPackageProductDependency;
			package = 363A95C92A8F56E300C6DF2F /* XCRemoteSwiftPackageReference "firebase-ios-sdk" */;
			productName = FirebaseMLModelDownloader;
		};
		363A95F42A8F56E400C6DF2F /* FirebaseMessaging */ = {
			isa = XCSwiftPackageProductDependency;
			package = 363A95C92A8F56E300C6DF2F /* XCRemoteSwiftPackageReference "firebase-ios-sdk" */;
			productName = FirebaseMessaging;
		};
		363A95F62A8F56E400C6DF2F /* FirebasePerformance */ = {
			isa = XCSwiftPackageProductDependency;
			package = 363A95C92A8F56E300C6DF2F /* XCRemoteSwiftPackageReference "firebase-ios-sdk" */;
			productName = FirebasePerformance;
		};
		363A95F82A8F56E400C6DF2F /* FirebaseRemoteConfig */ = {
			isa = XCSwiftPackageProductDependency;
			package = 363A95C92A8F56E300C6DF2F /* XCRemoteSwiftPackageReference "firebase-ios-sdk" */;
			productName = FirebaseRemoteConfig;
		};
		363A95FA2A8F56E400C6DF2F /* FirebaseRemoteConfigSwift */ = {
			isa = XCSwiftPackageProductDependency;
			package = 363A95C92A8F56E300C6DF2F /* XCRemoteSwiftPackageReference "firebase-ios-sdk" */;
			productName = FirebaseRemoteConfigSwift;
		};
		363A95FC2A8F56E400C6DF2F /* FirebaseStorage */ = {
			isa = XCSwiftPackageProductDependency;
			package = 363A95C92A8F56E300C6DF2F /* XCRemoteSwiftPackageReference "firebase-ios-sdk" */;
			productName = FirebaseStorage;
		};
		363A95FE2A8F56E400C6DF2F /* FirebaseStorageCombine-Community */ = {
			isa = XCSwiftPackageProductDependency;
			package = 363A95C92A8F56E300C6DF2F /* XCRemoteSwiftPackageReference "firebase-ios-sdk" */;
			productName = "FirebaseStorageCombine-Community";
		};
/* End XCSwiftPackageProductDependency section */
	};
	rootObject = 363A95AA2A8F547E00C6DF2F /* Project object */;
}
